
Microsoft Visual Studio Solution File, Format Version 12.00
# Visual Studio Version 17
VisualStudioVersion = 17.4.33122.133
MinimumVisualStudioVersion = 10.0.40219.1
Project("{FAE04EC0-301F-11D3-BF4B-00C04F79EFBC}") = "ClasesHerencia", "ClasesHerencia\ClasesHerencia.csproj", "{BDF05675-9762-4241-B05E-13ABBA005EFA}"
EndProject
Global
	GlobalSection(SolutionConfigurationPlatforms) = preSolution
		Debug|Any CPU = Debug|Any CPU
		Release|Any CPU = Release|Any CPU
	EndGlobalSection
	GlobalSection(ProjectConfigurationPlatforms) = postSolution
		{BDF05675-9762-4241-B05E-13ABBA005EFA}.Debug|Any CPU.ActiveCfg = Debug|Any CPU
		{BDF05675-9762-4241-B05E-13ABBA005EFA}.Debug|Any CPU.Build.0 = Debug|Any CPU
		{BDF05675-9762-4241-B05E-13ABBA005EFA}.Release|Any CPU.ActiveCfg = Release|Any CPU
		{BDF05675-9762-4241-B05E-13ABBA005EFA}.Release|Any CPU.Build.0 = Release|Any CPU
	EndGlobalSection
	GlobalSection(SolutionProperties) = preSolution
		HideSolutionNode = FALSE
	EndGlobalSection
	GlobalSection(ExtensibilityGlobals) = postSolution
		SolutionGuid = {2BE7CDFB-4CCC-4F44-988D-25F52156D542}
	EndGlobalSection
EndGlobal
